
Microsoft Visual Studio Solution File, Format Version 12.00
# Visual Studio Version 16
VisualStudioVersion = 16.0.29230.47
MinimumVisualStudioVersion = 10.0.40219.1
Project("{FAE04EC0-301F-11D3-BF4B-00C04F79EFBC}") = "Parking.Web", "Parking.Web\Parking.Web.csproj", "{BFE273C8-C59C-4E93-8138-C6E6C0AC0834}"
EndProject
Project("{FAE04EC0-301F-11D3-BF4B-00C04F79EFBC}") = "Parking.Application", "Parking.Application\Parking.Application.csproj", "{03F1E881-081E-4C02-B8BC-46BBF5E88682}"
EndProject
Project("{FAE04EC0-301F-11D3-BF4B-00C04F79EFBC}") = "Parking.Domain", "Parking.Domain\Parking.Domain.csproj", "{497D834E-57B6-4D86-A064-775DA1670796}"
EndProject
Project("{FAE04EC0-301F-11D3-BF4B-00C04F79EFBC}") = "Parking.Dto", "Parking.Dto\Parking.Dto.csproj", "{78EAA694-50ED-44B2-A0BC-0A2663F4E3F9}"
EndProject
Project("{FAE04EC0-301F-11D3-BF4B-00C04F79EFBC}") = "Parking.Infra", "Parking.Infra\Parking.Infra.csproj", "{D183C1F2-75CB-42F6-B368-D1DF63AE8D10}"
EndProject
Global
	GlobalSection(SolutionConfigurationPlatforms) = preSolution
		Debug|Any CPU = Debug|Any CPU
		Release|Any CPU = Release|Any CPU
	EndGlobalSection
	GlobalSection(ProjectConfigurationPlatforms) = postSolution
		{BFE273C8-C59C-4E93-8138-C6E6C0AC0834}.Debug|Any CPU.ActiveCfg = Debug|Any CPU
		{BFE273C8-C59C-4E93-8138-C6E6C0AC0834}.Debug|Any CPU.Build.0 = Debug|Any CPU
		{BFE273C8-C59C-4E93-8138-C6E6C0AC0834}.Release|Any CPU.ActiveCfg = Release|Any CPU
		{BFE273C8-C59C-4E93-8138-C6E6C0AC0834}.Release|Any CPU.Build.0 = Release|Any CPU
		{03F1E881-081E-4C02-B8BC-46BBF5E88682}.Debug|Any CPU.ActiveCfg = Debug|Any CPU
		{03F1E881-081E-4C02-B8BC-46BBF5E88682}.Debug|Any CPU.Build.0 = Debug|Any CPU
		{03F1E881-081E-4C02-B8BC-46BBF5E88682}.Release|Any CPU.ActiveCfg = Release|Any CPU
		{03F1E881-081E-4C02-B8BC-46BBF5E88682}.Release|Any CPU.Build.0 = Release|Any CPU
		{497D834E-57B6-4D86-A064-775DA1670796}.Debug|Any CPU.ActiveCfg = Debug|Any CPU
		{497D834E-57B6-4D86-A064-775DA1670796}.Debug|Any CPU.Build.0 = Debug|Any CPU
		{497D834E-57B6-4D86-A064-775DA1670796}.Release|Any CPU.ActiveCfg = Release|Any CPU
		{497D834E-57B6-4D86-A064-775DA1670796}.Release|Any CPU.Build.0 = Release|Any CPU
		{78EAA694-50ED-44B2-A0BC-0A2663F4E3F9}.Debug|Any CPU.ActiveCfg = Debug|Any CPU
		{78EAA694-50ED-44B2-A0BC-0A2663F4E3F9}.Debug|Any CPU.Build.0 = Debug|Any CPU
		{78EAA694-50ED-44B2-A0BC-0A2663F4E3F9}.Release|Any CPU.ActiveCfg = Release|Any CPU
		{78EAA694-50ED-44B2-A0BC-0A2663F4E3F9}.Release|Any CPU.Build.0 = Release|Any CPU
		{D183C1F2-75CB-42F6-B368-D1DF63AE8D10}.Debug|Any CPU.ActiveCfg = Debug|Any CPU
		{D183C1F2-75CB-42F6-B368-D1DF63AE8D10}.Debug|Any CPU.Build.0 = Debug|Any CPU
		{D183C1F2-75CB-42F6-B368-D1DF63AE8D10}.Release|Any CPU.ActiveCfg = Release|Any CPU
		{D183C1F2-75CB-42F6-B368-D1DF63AE8D10}.Release|Any CPU.Build.0 = Release|Any CPU
	EndGlobalSection
	GlobalSection(SolutionProperties) = preSolution
		HideSolutionNode = FALSE
	EndGlobalSection
	GlobalSection(ExtensibilityGlobals) = postSolution
		SolutionGuid = {3A6EEC5D-6346-460C-9B7A-6180B4E53763}
	EndGlobalSection
EndGlobal
